
Microsoft Visual Studio Solution File, Format Version 12.00
# Visual Studio Version 17
VisualStudioVersion = 17.5.33516.290
MinimumVisualStudioVersion = 10.0.40219.1
Project("{FAE04EC0-301F-11D3-BF4B-00C04F79EFBC}") = "CRUDinCoreAngular", "CRUDinCoreAngular\CRUDinCoreAngular.csproj", "{E8F83620-1577-49E2-8391-5B546D53E750}"
EndProject
Global
	GlobalSection(SolutionConfigurationPlatforms) = preSolution
		Debug|Any CPU = Debug|Any CPU
		Release|Any CPU = Release|Any CPU
	EndGlobalSection
	GlobalSection(ProjectConfigurationPlatforms) = postSolution
		{E8F83620-1577-49E2-8391-5B546D53E750}.Debug|Any CPU.ActiveCfg = Debug|Any CPU
		{E8F83620-1577-49E2-8391-5B546D53E750}.Debug|Any CPU.Build.0 = Debug|Any CPU
		{E8F83620-1577-49E2-8391-5B546D53E750}.Release|Any CPU.ActiveCfg = Release|Any CPU
		{E8F83620-1577-49E2-8391-5B546D53E750}.Release|Any CPU.Build.0 = Release|Any CPU
	EndGlobalSection
	GlobalSection(SolutionProperties) = preSolution
		HideSolutionNode = FALSE
	EndGlobalSection
	GlobalSection(ExtensibilityGlobals) = postSolution
		SolutionGuid = {89A4EAAF-7D77-4A66-8A22-8F5E35200B54}
	EndGlobalSection
EndGlobal
